
Microsoft Visual Studio Solution File, Format Version 12.00
# Visual Studio Version 16
VisualStudioVersion = 16.0.31005.135
MinimumVisualStudioVersion = 10.0.40219.1
Project("{FAE04EC0-301F-11D3-BF4B-00C04F79EFBC}") = "WindowsFormsAppLab6_1", "WindowsFormsAppLab6_1.csproj", "{7E6CAFD7-9444-4252-8B81-394870F44B32}"
EndProject
Global
	GlobalSection(SolutionConfigurationPlatforms) = preSolution
		Debug|Any CPU = Debug|Any CPU
		Release|Any CPU = Release|Any CPU
	EndGlobalSection
	GlobalSection(ProjectConfigurationPlatforms) = postSolution
		{7E6CAFD7-9444-4252-8B81-394870F44B32}.Debug|Any CPU.ActiveCfg = Debug|Any CPU
		{7E6CAFD7-9444-4252-8B81-394870F44B32}.Debug|Any CPU.Build.0 = Debug|Any CPU
		{7E6CAFD7-9444-4252-8B81-394870F44B32}.Release|Any CPU.ActiveCfg = Release|Any CPU
		{7E6CAFD7-9444-4252-8B81-394870F44B32}.Release|Any CPU.Build.0 = Release|Any CPU
	EndGlobalSection
	GlobalSection(SolutionProperties) = preSolution
		HideSolutionNode = FALSE
	EndGlobalSection
	GlobalSection(ExtensibilityGlobals) = postSolution
		SolutionGuid = {4E5920C7-9AE8-4DE9-8755-D7EAC5797785}
	EndGlobalSection
EndGlobal
