
Microsoft Visual Studio Solution File, Format Version 12.00
# Visual Studio Version 16
VisualStudioVersion = 16.0.31005.135
MinimumVisualStudioVersion = 10.0.40219.1
Project("{FAE04EC0-301F-11D3-BF4B-00C04F79EFBC}") = "WindowsFormsAppLab4_4", "WindowsFormsAppLab4_4.csproj", "{C54B3F98-CC98-48D5-AED6-AAAF60DCC690}"
EndProject
Global
	GlobalSection(SolutionConfigurationPlatforms) = preSolution
		Debug|Any CPU = Debug|Any CPU
		Release|Any CPU = Release|Any CPU
	EndGlobalSection
	GlobalSection(ProjectConfigurationPlatforms) = postSolution
		{C54B3F98-CC98-48D5-AED6-AAAF60DCC690}.Debug|Any CPU.ActiveCfg = Debug|Any CPU
		{C54B3F98-CC98-48D5-AED6-AAAF60DCC690}.Debug|Any CPU.Build.0 = Debug|Any CPU
		{C54B3F98-CC98-48D5-AED6-AAAF60DCC690}.Release|Any CPU.ActiveCfg = Release|Any CPU
		{C54B3F98-CC98-48D5-AED6-AAAF60DCC690}.Release|Any CPU.Build.0 = Release|Any CPU
	EndGlobalSection
	GlobalSection(SolutionProperties) = preSolution
		HideSolutionNode = FALSE
	EndGlobalSection
	GlobalSection(ExtensibilityGlobals) = postSolution
		SolutionGuid = {0C02914C-E13B-47B8-B06A-AB6E507A1587}
	EndGlobalSection
EndGlobal
