
Microsoft Visual Studio Solution File, Format Version 12.00
# Visual Studio Version 16
VisualStudioVersion = 16.0.31005.135
MinimumVisualStudioVersion = 10.0.40219.1
Project("{FAE04EC0-301F-11D3-BF4B-00C04F79EFBC}") = "WindowsFormsApp2", "WindowsFormsApp2.csproj", "{E06585D3-BBDA-4ECB-98C1-F48DE5C0B541}"
EndProject
Global
	GlobalSection(SolutionConfigurationPlatforms) = preSolution
		Debug|Any CPU = Debug|Any CPU
		Release|Any CPU = Release|Any CPU
	EndGlobalSection
	GlobalSection(ProjectConfigurationPlatforms) = postSolution
		{E06585D3-BBDA-4ECB-98C1-F48DE5C0B541}.Debug|Any CPU.ActiveCfg = Debug|Any CPU
		{E06585D3-BBDA-4ECB-98C1-F48DE5C0B541}.Debug|Any CPU.Build.0 = Debug|Any CPU
		{E06585D3-BBDA-4ECB-98C1-F48DE5C0B541}.Release|Any CPU.ActiveCfg = Release|Any CPU
		{E06585D3-BBDA-4ECB-98C1-F48DE5C0B541}.Release|Any CPU.Build.0 = Release|Any CPU
	EndGlobalSection
	GlobalSection(SolutionProperties) = preSolution
		HideSolutionNode = FALSE
	EndGlobalSection
	GlobalSection(ExtensibilityGlobals) = postSolution
		SolutionGuid = {2B98AE6D-7BC3-49DD-9AC4-92781C0EB2E1}
	EndGlobalSection
EndGlobal
