
Microsoft Visual Studio Solution File, Format Version 12.00
# Visual Studio Version 16
VisualStudioVersion = 16.0.31005.135
MinimumVisualStudioVersion = 10.0.40219.1
Project("{FAE04EC0-301F-11D3-BF4B-00C04F79EFBC}") = "WindowsFormsApp3", "WindowsFormsApp3.csproj", "{2E727FF3-3214-48A2-B79C-9B340AE20EAE}"
EndProject
Global
	GlobalSection(SolutionConfigurationPlatforms) = preSolution
		Debug|Any CPU = Debug|Any CPU
		Release|Any CPU = Release|Any CPU
	EndGlobalSection
	GlobalSection(ProjectConfigurationPlatforms) = postSolution
		{2E727FF3-3214-48A2-B79C-9B340AE20EAE}.Debug|Any CPU.ActiveCfg = Debug|Any CPU
		{2E727FF3-3214-48A2-B79C-9B340AE20EAE}.Debug|Any CPU.Build.0 = Debug|Any CPU
		{2E727FF3-3214-48A2-B79C-9B340AE20EAE}.Release|Any CPU.ActiveCfg = Release|Any CPU
		{2E727FF3-3214-48A2-B79C-9B340AE20EAE}.Release|Any CPU.Build.0 = Release|Any CPU
	EndGlobalSection
	GlobalSection(SolutionProperties) = preSolution
		HideSolutionNode = FALSE
	EndGlobalSection
	GlobalSection(ExtensibilityGlobals) = postSolution
		SolutionGuid = {26905FD5-1BB6-49A6-A127-2426C8D62EEE}
	EndGlobalSection
EndGlobal
