
Microsoft Visual Studio Solution File, Format Version 12.00
# Visual Studio Version 16
VisualStudioVersion = 16.0.31005.135
MinimumVisualStudioVersion = 10.0.40219.1
Project("{FAE04EC0-301F-11D3-BF4B-00C04F79EFBC}") = "Lab.rob2_3", "Lab.rob2_3.csproj", "{C63CB53A-F173-42E1-B7C6-BECDA92318B7}"
EndProject
Global
	GlobalSection(SolutionConfigurationPlatforms) = preSolution
		Debug|Any CPU = Debug|Any CPU
		Release|Any CPU = Release|Any CPU
	EndGlobalSection
	GlobalSection(ProjectConfigurationPlatforms) = postSolution
		{C63CB53A-F173-42E1-B7C6-BECDA92318B7}.Debug|Any CPU.ActiveCfg = Debug|Any CPU
		{C63CB53A-F173-42E1-B7C6-BECDA92318B7}.Debug|Any CPU.Build.0 = Debug|Any CPU
		{C63CB53A-F173-42E1-B7C6-BECDA92318B7}.Release|Any CPU.ActiveCfg = Release|Any CPU
		{C63CB53A-F173-42E1-B7C6-BECDA92318B7}.Release|Any CPU.Build.0 = Release|Any CPU
	EndGlobalSection
	GlobalSection(SolutionProperties) = preSolution
		HideSolutionNode = FALSE
	EndGlobalSection
	GlobalSection(ExtensibilityGlobals) = postSolution
		SolutionGuid = {C3E2C2C0-033D-4EE3-BFBD-43E95E10437E}
	EndGlobalSection
EndGlobal
