
Microsoft Visual Studio Solution File, Format Version 12.00
# Visual Studio Version 16
VisualStudioVersion = 16.0.31005.135
MinimumVisualStudioVersion = 10.0.40219.1
Project("{FAE04EC0-301F-11D3-BF4B-00C04F79EFBC}") = "Lab.rob1_4", "Lab.rob1_4.csproj", "{B9213969-6A38-468F-872E-DB70E71393D9}"
EndProject
Global
	GlobalSection(SolutionConfigurationPlatforms) = preSolution
		Debug|Any CPU = Debug|Any CPU
		Release|Any CPU = Release|Any CPU
	EndGlobalSection
	GlobalSection(ProjectConfigurationPlatforms) = postSolution
		{B9213969-6A38-468F-872E-DB70E71393D9}.Debug|Any CPU.ActiveCfg = Debug|Any CPU
		{B9213969-6A38-468F-872E-DB70E71393D9}.Debug|Any CPU.Build.0 = Debug|Any CPU
		{B9213969-6A38-468F-872E-DB70E71393D9}.Release|Any CPU.ActiveCfg = Release|Any CPU
		{B9213969-6A38-468F-872E-DB70E71393D9}.Release|Any CPU.Build.0 = Release|Any CPU
	EndGlobalSection
	GlobalSection(SolutionProperties) = preSolution
		HideSolutionNode = FALSE
	EndGlobalSection
	GlobalSection(ExtensibilityGlobals) = postSolution
		SolutionGuid = {8506B8D1-CB2C-475F-A0EF-E6E9D67C8CCC}
	EndGlobalSection
EndGlobal
