
Microsoft Visual Studio Solution File, Format Version 12.00
# Visual Studio Version 16
VisualStudioVersion = 16.0.31005.135
MinimumVisualStudioVersion = 10.0.40219.1
Project("{FAE04EC0-301F-11D3-BF4B-00C04F79EFBC}") = "WindowsFormsAppLab9_2", "WindowsFormsAppLab9_2.csproj", "{DC6731CA-AE7B-4108-AE83-F440B3B05462}"
EndProject
Global
	GlobalSection(SolutionConfigurationPlatforms) = preSolution
		Debug|Any CPU = Debug|Any CPU
		Release|Any CPU = Release|Any CPU
	EndGlobalSection
	GlobalSection(ProjectConfigurationPlatforms) = postSolution
		{DC6731CA-AE7B-4108-AE83-F440B3B05462}.Debug|Any CPU.ActiveCfg = Debug|Any CPU
		{DC6731CA-AE7B-4108-AE83-F440B3B05462}.Debug|Any CPU.Build.0 = Debug|Any CPU
		{DC6731CA-AE7B-4108-AE83-F440B3B05462}.Release|Any CPU.ActiveCfg = Release|Any CPU
		{DC6731CA-AE7B-4108-AE83-F440B3B05462}.Release|Any CPU.Build.0 = Release|Any CPU
	EndGlobalSection
	GlobalSection(SolutionProperties) = preSolution
		HideSolutionNode = FALSE
	EndGlobalSection
	GlobalSection(ExtensibilityGlobals) = postSolution
		SolutionGuid = {02728082-4677-4DC0-B66C-4371CCC98B4C}
	EndGlobalSection
EndGlobal
