
Microsoft Visual Studio Solution File, Format Version 12.00
# Visual Studio Version 16
VisualStudioVersion = 16.0.31005.135
MinimumVisualStudioVersion = 10.0.40219.1
Project("{FAE04EC0-301F-11D3-BF4B-00C04F79EFBC}") = "WindowsFormsAppLab3_1", "WindowsFormsAppLab3_1.csproj", "{2D281277-5D14-4B7D-AAE4-1746A9CDA636}"
EndProject
Global
	GlobalSection(SolutionConfigurationPlatforms) = preSolution
		Debug|Any CPU = Debug|Any CPU
		Release|Any CPU = Release|Any CPU
	EndGlobalSection
	GlobalSection(ProjectConfigurationPlatforms) = postSolution
		{2D281277-5D14-4B7D-AAE4-1746A9CDA636}.Debug|Any CPU.ActiveCfg = Debug|Any CPU
		{2D281277-5D14-4B7D-AAE4-1746A9CDA636}.Debug|Any CPU.Build.0 = Debug|Any CPU
		{2D281277-5D14-4B7D-AAE4-1746A9CDA636}.Release|Any CPU.ActiveCfg = Release|Any CPU
		{2D281277-5D14-4B7D-AAE4-1746A9CDA636}.Release|Any CPU.Build.0 = Release|Any CPU
	EndGlobalSection
	GlobalSection(SolutionProperties) = preSolution
		HideSolutionNode = FALSE
	EndGlobalSection
	GlobalSection(ExtensibilityGlobals) = postSolution
		SolutionGuid = {3F5EFF5D-D279-4C28-A878-7ACB67B38DD6}
	EndGlobalSection
EndGlobal
