
Microsoft Visual Studio Solution File, Format Version 12.00
# Visual Studio Version 16
VisualStudioVersion = 16.0.31005.135
MinimumVisualStudioVersion = 10.0.40219.1
Project("{FAE04EC0-301F-11D3-BF4B-00C04F79EFBC}") = "WindowsFormsAppLab5_1", "WindowsFormsAppLab5_1.csproj", "{AABFF837-A4C5-4996-94B4-F16E26F9BF40}"
EndProject
Global
	GlobalSection(SolutionConfigurationPlatforms) = preSolution
		Debug|Any CPU = Debug|Any CPU
		Release|Any CPU = Release|Any CPU
	EndGlobalSection
	GlobalSection(ProjectConfigurationPlatforms) = postSolution
		{AABFF837-A4C5-4996-94B4-F16E26F9BF40}.Debug|Any CPU.ActiveCfg = Debug|Any CPU
		{AABFF837-A4C5-4996-94B4-F16E26F9BF40}.Debug|Any CPU.Build.0 = Debug|Any CPU
		{AABFF837-A4C5-4996-94B4-F16E26F9BF40}.Release|Any CPU.ActiveCfg = Release|Any CPU
		{AABFF837-A4C5-4996-94B4-F16E26F9BF40}.Release|Any CPU.Build.0 = Release|Any CPU
	EndGlobalSection
	GlobalSection(SolutionProperties) = preSolution
		HideSolutionNode = FALSE
	EndGlobalSection
	GlobalSection(ExtensibilityGlobals) = postSolution
		SolutionGuid = {D472F798-3433-470D-B779-9A3352A19F54}
	EndGlobalSection
EndGlobal
