
Microsoft Visual Studio Solution File, Format Version 12.00
# Visual Studio Version 16
VisualStudioVersion = 16.0.31005.135
MinimumVisualStudioVersion = 10.0.40219.1
Project("{FAE04EC0-301F-11D3-BF4B-00C04F79EFBC}") = "Lab.rob2_2", "Lab.rob2_2.csproj", "{0F721DDC-F77B-42F3-82D6-F57A694BD5D2}"
EndProject
Global
	GlobalSection(SolutionConfigurationPlatforms) = preSolution
		Debug|Any CPU = Debug|Any CPU
		Release|Any CPU = Release|Any CPU
	EndGlobalSection
	GlobalSection(ProjectConfigurationPlatforms) = postSolution
		{0F721DDC-F77B-42F3-82D6-F57A694BD5D2}.Debug|Any CPU.ActiveCfg = Debug|Any CPU
		{0F721DDC-F77B-42F3-82D6-F57A694BD5D2}.Debug|Any CPU.Build.0 = Debug|Any CPU
		{0F721DDC-F77B-42F3-82D6-F57A694BD5D2}.Release|Any CPU.ActiveCfg = Release|Any CPU
		{0F721DDC-F77B-42F3-82D6-F57A694BD5D2}.Release|Any CPU.Build.0 = Release|Any CPU
	EndGlobalSection
	GlobalSection(SolutionProperties) = preSolution
		HideSolutionNode = FALSE
	EndGlobalSection
	GlobalSection(ExtensibilityGlobals) = postSolution
		SolutionGuid = {30019C18-CA5C-4E68-AF7B-2CDD46A50C71}
	EndGlobalSection
EndGlobal
