
Microsoft Visual Studio Solution File, Format Version 12.00
# Visual Studio Version 16
VisualStudioVersion = 16.0.31005.135
MinimumVisualStudioVersion = 10.0.40219.1
Project("{FAE04EC0-301F-11D3-BF4B-00C04F79EFBC}") = "WindowsFormsAppLab4_2", "WindowsFormsAppLab4_2.csproj", "{21C676F5-99E1-4596-9BAE-72C3F3C1DFF7}"
EndProject
Global
	GlobalSection(SolutionConfigurationPlatforms) = preSolution
		Debug|Any CPU = Debug|Any CPU
		Release|Any CPU = Release|Any CPU
	EndGlobalSection
	GlobalSection(ProjectConfigurationPlatforms) = postSolution
		{21C676F5-99E1-4596-9BAE-72C3F3C1DFF7}.Debug|Any CPU.ActiveCfg = Debug|Any CPU
		{21C676F5-99E1-4596-9BAE-72C3F3C1DFF7}.Debug|Any CPU.Build.0 = Debug|Any CPU
		{21C676F5-99E1-4596-9BAE-72C3F3C1DFF7}.Release|Any CPU.ActiveCfg = Release|Any CPU
		{21C676F5-99E1-4596-9BAE-72C3F3C1DFF7}.Release|Any CPU.Build.0 = Release|Any CPU
	EndGlobalSection
	GlobalSection(SolutionProperties) = preSolution
		HideSolutionNode = FALSE
	EndGlobalSection
	GlobalSection(ExtensibilityGlobals) = postSolution
		SolutionGuid = {226991F4-C431-4ADA-AEB2-6757911E8B8B}
	EndGlobalSection
EndGlobal
