
Microsoft Visual Studio Solution File, Format Version 12.00
# Visual Studio Version 16
VisualStudioVersion = 16.0.31005.135
MinimumVisualStudioVersion = 10.0.40219.1
Project("{FAE04EC0-301F-11D3-BF4B-00C04F79EFBC}") = "Lab.rob3_2", "Lab.rob3_2.csproj", "{54C6FBC1-C336-45EF-A1E3-42F0F85C13EC}"
EndProject
Global
	GlobalSection(SolutionConfigurationPlatforms) = preSolution
		Debug|Any CPU = Debug|Any CPU
		Release|Any CPU = Release|Any CPU
	EndGlobalSection
	GlobalSection(ProjectConfigurationPlatforms) = postSolution
		{54C6FBC1-C336-45EF-A1E3-42F0F85C13EC}.Debug|Any CPU.ActiveCfg = Debug|Any CPU
		{54C6FBC1-C336-45EF-A1E3-42F0F85C13EC}.Debug|Any CPU.Build.0 = Debug|Any CPU
		{54C6FBC1-C336-45EF-A1E3-42F0F85C13EC}.Release|Any CPU.ActiveCfg = Release|Any CPU
		{54C6FBC1-C336-45EF-A1E3-42F0F85C13EC}.Release|Any CPU.Build.0 = Release|Any CPU
	EndGlobalSection
	GlobalSection(SolutionProperties) = preSolution
		HideSolutionNode = FALSE
	EndGlobalSection
	GlobalSection(ExtensibilityGlobals) = postSolution
		SolutionGuid = {C998AA36-BA47-467C-A176-D59585F439DB}
	EndGlobalSection
EndGlobal
